
Microsoft Visual Studio Solution File, Format Version 12.00
# Visual Studio Version 16
VisualStudioVersion = 16.0.31205.134
MinimumVisualStudioVersion = 10.0.40219.1
Project("{FAE04EC0-301F-11D3-BF4B-00C04F79EFBC}") = "MVCAsyncFileUpload", "MVCAsyncFileUpload.csproj", "{4D3C26BB-86EA-4D0C-84A1-4DCFD1C0AA21}"
EndProject
Global
	GlobalSection(SolutionConfigurationPlatforms) = preSolution
		Debug|Any CPU = Debug|Any CPU
		Release|Any CPU = Release|Any CPU
	EndGlobalSection
	GlobalSection(ProjectConfigurationPlatforms) = postSolution
		{4D3C26BB-86EA-4D0C-84A1-4DCFD1C0AA21}.Debug|Any CPU.ActiveCfg = Debug|Any CPU
		{4D3C26BB-86EA-4D0C-84A1-4DCFD1C0AA21}.Debug|Any CPU.Build.0 = Debug|Any CPU
		{4D3C26BB-86EA-4D0C-84A1-4DCFD1C0AA21}.Release|Any CPU.ActiveCfg = Release|Any CPU
		{4D3C26BB-86EA-4D0C-84A1-4DCFD1C0AA21}.Release|Any CPU.Build.0 = Release|Any CPU
	EndGlobalSection
	GlobalSection(SolutionProperties) = preSolution
		HideSolutionNode = FALSE
	EndGlobalSection
	GlobalSection(ExtensibilityGlobals) = postSolution
		SolutionGuid = {3C139621-E689-459F-B152-1E894A655248}
	EndGlobalSection
EndGlobal
